
Microsoft Visual Studio Solution File, Format Version 12.00
# Visual Studio Version 16
VisualStudioVersion = 16.0.29609.76
MinimumVisualStudioVersion = 10.0.40219.1
Project("{9A19103F-16F7-4668-BE54-9A1E7A4F7556}") = "UgsMacros", "UgsMacros\UgsMacros.csproj", "{D80D0020-0067-43D6-9613-8F96CE6D174A}"
EndProject
Project("{9A19103F-16F7-4668-BE54-9A1E7A4F7556}") = "UgsMacros.Framework", "UgsMacros.Framework\UgsMacros.Framework.csproj", "{7AA2743B-BC98-4B04-873F-7565BEA89DC8}"
EndProject
Project("{9A19103F-16F7-4668-BE54-9A1E7A4F7556}") = "UgsMacros.Macros.Jogging", "UgsMacros.Macros.Jogging\UgsMacros.Macros.Jogging.csproj", "{4BBA3DC7-F0F6-4DC9-95CB-5B53E0FBFFB5}"
EndProject
Project("{9A19103F-16F7-4668-BE54-9A1E7A4F7556}") = "UgsMacros.Macros.Cutting", "UgsMacros.Macros.Cutting\UgsMacros.Macros.Cutting.csproj", "{4767B274-09E5-4554-8E12-484EE9850222}"
EndProject
Project("{FAE04EC0-301F-11D3-BF4B-00C04F79EFBC}") = "UgsMacros.Macros.Mortise", "UgsMacros.Macros.Mortise\UgsMacros.Macros.Mortise.csproj", "{F7044734-44B7-43D5-95D3-A5B099C7563A}"
EndProject
Global
	GlobalSection(SolutionConfigurationPlatforms) = preSolution
		Debug|Any CPU = Debug|Any CPU
		Release|Any CPU = Release|Any CPU
	EndGlobalSection
	GlobalSection(ProjectConfigurationPlatforms) = postSolution
		{D80D0020-0067-43D6-9613-8F96CE6D174A}.Debug|Any CPU.ActiveCfg = Debug|Any CPU
		{D80D0020-0067-43D6-9613-8F96CE6D174A}.Debug|Any CPU.Build.0 = Debug|Any CPU
		{D80D0020-0067-43D6-9613-8F96CE6D174A}.Release|Any CPU.ActiveCfg = Release|Any CPU
		{D80D0020-0067-43D6-9613-8F96CE6D174A}.Release|Any CPU.Build.0 = Release|Any CPU
		{7AA2743B-BC98-4B04-873F-7565BEA89DC8}.Debug|Any CPU.ActiveCfg = Debug|Any CPU
		{7AA2743B-BC98-4B04-873F-7565BEA89DC8}.Debug|Any CPU.Build.0 = Debug|Any CPU
		{7AA2743B-BC98-4B04-873F-7565BEA89DC8}.Release|Any CPU.ActiveCfg = Release|Any CPU
		{7AA2743B-BC98-4B04-873F-7565BEA89DC8}.Release|Any CPU.Build.0 = Release|Any CPU
		{4BBA3DC7-F0F6-4DC9-95CB-5B53E0FBFFB5}.Debug|Any CPU.ActiveCfg = Debug|Any CPU
		{4BBA3DC7-F0F6-4DC9-95CB-5B53E0FBFFB5}.Debug|Any CPU.Build.0 = Debug|Any CPU
		{4BBA3DC7-F0F6-4DC9-95CB-5B53E0FBFFB5}.Release|Any CPU.ActiveCfg = Release|Any CPU
		{4BBA3DC7-F0F6-4DC9-95CB-5B53E0FBFFB5}.Release|Any CPU.Build.0 = Release|Any CPU
		{4767B274-09E5-4554-8E12-484EE9850222}.Debug|Any CPU.ActiveCfg = Debug|Any CPU
		{4767B274-09E5-4554-8E12-484EE9850222}.Debug|Any CPU.Build.0 = Debug|Any CPU
		{4767B274-09E5-4554-8E12-484EE9850222}.Release|Any CPU.ActiveCfg = Release|Any CPU
		{4767B274-09E5-4554-8E12-484EE9850222}.Release|Any CPU.Build.0 = Release|Any CPU
		{F7044734-44B7-43D5-95D3-A5B099C7563A}.Debug|Any CPU.ActiveCfg = Debug|Any CPU
		{F7044734-44B7-43D5-95D3-A5B099C7563A}.Debug|Any CPU.Build.0 = Debug|Any CPU
		{F7044734-44B7-43D5-95D3-A5B099C7563A}.Release|Any CPU.ActiveCfg = Release|Any CPU
		{F7044734-44B7-43D5-95D3-A5B099C7563A}.Release|Any CPU.Build.0 = Release|Any CPU
	EndGlobalSection
	GlobalSection(SolutionProperties) = preSolution
		HideSolutionNode = FALSE
	EndGlobalSection
	GlobalSection(ExtensibilityGlobals) = postSolution
		SolutionGuid = {7304E295-D9A0-48A1-BFFA-562857EF064A}
	EndGlobalSection
EndGlobal
